
Microsoft Visual Studio Solution File, Format Version 12.00
# Visual Studio Version 17
VisualStudioVersion = 17.0.32126.317
MinimumVisualStudioVersion = 10.0.40219.1
Project("{9A19103F-16F7-4668-BE54-9A1E7A4F7556}") = "TCP-chat", "TCP-chat.csproj", "{F346CCF9-B1DA-4C4A-85B7-719868047C62}"
EndProject
Project("{9A19103F-16F7-4668-BE54-9A1E7A4F7556}") = "Client1", "..\Client1\Client1.csproj", "{4EBEF734-0D54-4CA1-AE47-B0A91D374575}"
EndProject
Project("{9A19103F-16F7-4668-BE54-9A1E7A4F7556}") = "User1", "..\Users\User1\User1.csproj", "{461DE451-D15D-4206-B943-4CB00062C59F}"
EndProject
Project("{9A19103F-16F7-4668-BE54-9A1E7A4F7556}") = "TCP-Socket", "..\TCP-Socket\TCP-Socket.csproj", "{A90135ED-8085-43DE-86E6-D86531E88045}"
EndProject
Project("{FAE04EC0-301F-11D3-BF4B-00C04F79EFBC}") = "User2", "..\Users\User2\User2.csproj", "{DD9832AE-1756-409D-B0A0-5A2901020C8F}"
EndProject
Global
	GlobalSection(SolutionConfigurationPlatforms) = preSolution
		Debug|Any CPU = Debug|Any CPU
		Release|Any CPU = Release|Any CPU
	EndGlobalSection
	GlobalSection(ProjectConfigurationPlatforms) = postSolution
		{F346CCF9-B1DA-4C4A-85B7-719868047C62}.Debug|Any CPU.ActiveCfg = Debug|Any CPU
		{F346CCF9-B1DA-4C4A-85B7-719868047C62}.Debug|Any CPU.Build.0 = Debug|Any CPU
		{F346CCF9-B1DA-4C4A-85B7-719868047C62}.Release|Any CPU.ActiveCfg = Release|Any CPU
		{F346CCF9-B1DA-4C4A-85B7-719868047C62}.Release|Any CPU.Build.0 = Release|Any CPU
		{4EBEF734-0D54-4CA1-AE47-B0A91D374575}.Debug|Any CPU.ActiveCfg = Debug|Any CPU
		{4EBEF734-0D54-4CA1-AE47-B0A91D374575}.Debug|Any CPU.Build.0 = Debug|Any CPU
		{4EBEF734-0D54-4CA1-AE47-B0A91D374575}.Release|Any CPU.ActiveCfg = Release|Any CPU
		{4EBEF734-0D54-4CA1-AE47-B0A91D374575}.Release|Any CPU.Build.0 = Release|Any CPU
		{461DE451-D15D-4206-B943-4CB00062C59F}.Debug|Any CPU.ActiveCfg = Debug|Any CPU
		{461DE451-D15D-4206-B943-4CB00062C59F}.Debug|Any CPU.Build.0 = Debug|Any CPU
		{461DE451-D15D-4206-B943-4CB00062C59F}.Release|Any CPU.ActiveCfg = Release|Any CPU
		{461DE451-D15D-4206-B943-4CB00062C59F}.Release|Any CPU.Build.0 = Release|Any CPU
		{A90135ED-8085-43DE-86E6-D86531E88045}.Debug|Any CPU.ActiveCfg = Debug|Any CPU
		{A90135ED-8085-43DE-86E6-D86531E88045}.Debug|Any CPU.Build.0 = Debug|Any CPU
		{A90135ED-8085-43DE-86E6-D86531E88045}.Release|Any CPU.ActiveCfg = Release|Any CPU
		{A90135ED-8085-43DE-86E6-D86531E88045}.Release|Any CPU.Build.0 = Release|Any CPU
		{DD9832AE-1756-409D-B0A0-5A2901020C8F}.Debug|Any CPU.ActiveCfg = Debug|Any CPU
		{DD9832AE-1756-409D-B0A0-5A2901020C8F}.Debug|Any CPU.Build.0 = Debug|Any CPU
		{DD9832AE-1756-409D-B0A0-5A2901020C8F}.Release|Any CPU.ActiveCfg = Release|Any CPU
		{DD9832AE-1756-409D-B0A0-5A2901020C8F}.Release|Any CPU.Build.0 = Release|Any CPU
	EndGlobalSection
	GlobalSection(SolutionProperties) = preSolution
		HideSolutionNode = FALSE
	EndGlobalSection
	GlobalSection(ExtensibilityGlobals) = postSolution
		SolutionGuid = {C3AA4A93-AC5E-44ED-991D-1B5A62F64FE9}
	EndGlobalSection
EndGlobal
